
Microsoft Visual Studio Solution File, Format Version 12.00
# Visual Studio Version 16
VisualStudioVersion = 16.0.29503.13
MinimumVisualStudioVersion = 10.0.40219.1
Project("{9A19103F-16F7-4668-BE54-9A1E7A4F7556}") = "InlamningEtt.WebUI", "InlamningEtt.WebUI\InlamningEtt.WebUI.csproj", "{A7290C16-9B21-4D0D-B0D1-75C157AEA4ED}"
EndProject
Project("{9A19103F-16F7-4668-BE54-9A1E7A4F7556}") = "InlamningEtt.Tests", "InlamningEtt.Tests\InlamningEtt.Tests.csproj", "{7BDC54DE-07C6-4E0A-B293-9176F1CEA688}"
EndProject
Global
	GlobalSection(SolutionConfigurationPlatforms) = preSolution
		Debug|Any CPU = Debug|Any CPU
		Release|Any CPU = Release|Any CPU
	EndGlobalSection
	GlobalSection(ProjectConfigurationPlatforms) = postSolution
		{A7290C16-9B21-4D0D-B0D1-75C157AEA4ED}.Debug|Any CPU.ActiveCfg = Debug|Any CPU
		{A7290C16-9B21-4D0D-B0D1-75C157AEA4ED}.Debug|Any CPU.Build.0 = Debug|Any CPU
		{A7290C16-9B21-4D0D-B0D1-75C157AEA4ED}.Release|Any CPU.ActiveCfg = Release|Any CPU
		{A7290C16-9B21-4D0D-B0D1-75C157AEA4ED}.Release|Any CPU.Build.0 = Release|Any CPU
		{7BDC54DE-07C6-4E0A-B293-9176F1CEA688}.Debug|Any CPU.ActiveCfg = Debug|Any CPU
		{7BDC54DE-07C6-4E0A-B293-9176F1CEA688}.Debug|Any CPU.Build.0 = Debug|Any CPU
		{7BDC54DE-07C6-4E0A-B293-9176F1CEA688}.Release|Any CPU.ActiveCfg = Release|Any CPU
		{7BDC54DE-07C6-4E0A-B293-9176F1CEA688}.Release|Any CPU.Build.0 = Release|Any CPU
	EndGlobalSection
	GlobalSection(SolutionProperties) = preSolution
		HideSolutionNode = FALSE
	EndGlobalSection
	GlobalSection(ExtensibilityGlobals) = postSolution
		SolutionGuid = {6C69AED2-D2E4-4435-9C9C-54C0BCB147B1}
	EndGlobalSection
EndGlobal
